{
	"name": "@isopodlabs/binary_fonts",
	"version": "0.6.3",
	"lockfileVersion": 3,
	"requires": true,
	"packages": {
		"": {
			"name": "@isopodlabs/binary_fonts",
			"version": "0.6.3",
			"license": "MIT",
			"dependencies": {
				"@isopodlabs/binary": "^1.11.0",
				"@isopodlabs/maths": "^1.0.0",
				"@isopodlabs/xml": "^1.2.0"
			}
		},
		"node_modules/@isopodlabs/binary": {
			"version": "1.11.0",
			"resolved": "https://registry.npmjs.org/@isopodlabs/binary/-/binary-1.11.0.tgz",
			"integrity": "sha512-026lgo3JejxXHNZOyEyGEHnKKikA3UHA6BOX9Dc8vZsASSjYGb7l6tka7aww2MGogZQfn5fE8e/faIyvOL/stQ==",
			"license": "MIT",
			"bin": {
				"copy-file": "scripts/copy-file.js"
			}
		},
		"node_modules/@isopodlabs/maths": {
			"version": "1.0.0",
			"resolved": "https://registry.npmjs.org/@isopodlabs/maths/-/maths-1.0.0.tgz",
			"integrity": "sha512-uo9mFS5GV68aHeR1WXl+Q050CjDfTCWAiHkMwHBmKWJg3ukWCsVgR3KoISTbIpL4xfS5ul/oxKbvLmNmAo2QZw==",
			"license": "MIT"
		},
		"node_modules/@isopodlabs/xml": {
			"version": "1.2.0",
			"resolved": "https://registry.npmjs.org/@isopodlabs/xml/-/xml-1.2.0.tgz",
			"integrity": "sha512-869+KEFIvZ16rR7o1yB95i2FXQO3fJDnMtI9vqr+ESO3Jghank9QqidK1jETGE0+59lmtKEdprKSaZsciwFBVA==",
			"license": "MIT"
		}
	}
}
